
Microsoft Visual Studio Solution File, Format Version 12.00
# Visual Studio Version 17
VisualStudioVersion = 17.12.35707.178
MinimumVisualStudioVersion = 10.0.40219.1
Project("{2150E333-8FDC-42A3-9474-1A3956D46DE8}") = "GymApp.Domain", "GymApp.Domain", "{D4EB5DA4-A564-42E7-89F5-65B7C36F4162}"
EndProject
Project("{2150E333-8FDC-42A3-9474-1A3956D46DE8}") = "GymApp.Domain.UnitTests", "GymApp.Domain.UnitTests", "{0A26A95C-3BAA-4D86-B0D8-6D487FEF07B3}"
EndProject
Project("{FAE04EC0-301F-11D3-BF4B-00C04F79EFBC}") = "GymApp.Domain.UnitTests", "tests\GymApp.Domain.UnitTests\GymApp.Domain.UnitTests.csproj", "{55AD3914-56F8-4B01-9E39-D1B5E97D5BFA}"
EndProject
Project("{2150E333-8FDC-42A3-9474-1A3956D46DE8}") = "GymApp.Application", "GymApp.Application", "{6562A21F-9600-413E-AC1C-160B67EBB5CC}"
EndProject
Project("{2150E333-8FDC-42A3-9474-1A3956D46DE8}") = "GymApp.Api", "GymApp.Api", "{BA50DD52-F876-4A12-B029-4C583907E136}"
EndProject
Project("{FAE04EC0-301F-11D3-BF4B-00C04F79EFBC}") = "GymApp.Api", "src\GymApp.Api\GymApp.Api.csproj", "{2BEF3F43-A177-4E25-9024-4102386EAD57}"
EndProject
Project("{2150E333-8FDC-42A3-9474-1A3956D46DE8}") = "GymApp.Contracts", "GymApp.Contracts", "{14C2DC34-18BF-46D7-AD8C-3BE7A98825CC}"
EndProject
Project("{FAE04EC0-301F-11D3-BF4B-00C04F79EFBC}") = "GymApp.Contracts", "src\GymApp.Contracts\GymApp.Contracts.csproj", "{F72B749D-CE27-423F-9585-6790DAFAC7DE}"
EndProject
Project("{2150E333-8FDC-42A3-9474-1A3956D46DE8}") = "GymApp.Infrastructure", "GymApp.Infrastructure", "{FD80926F-2985-48DB-AB4C-4AADC95948E7}"
EndProject
Project("{FAE04EC0-301F-11D3-BF4B-00C04F79EFBC}") = "GymApp.Infrastructure", "src\GymApp.Infrastructure\GymApp.Infrastructure.csproj", "{CD8A51FC-F8D5-4C7A-8939-D901C0820CB5}"
EndProject
Project("{FAE04EC0-301F-11D3-BF4B-00C04F79EFBC}") = "GymApp.Application", "src\GymApp.Application\GymApp.Application.csproj", "{B5F62C92-3600-42E2-999C-5B6AF2ACE87E}"
EndProject
Project("{FAE04EC0-301F-11D3-BF4B-00C04F79EFBC}") = "GymApp.Domain", "src\GymApp.Domain\GymApp.Domain.csproj", "{74DF31C8-87F8-4FE9-9AF3-F86E9279F36E}"
EndProject
Global
	GlobalSection(SolutionConfigurationPlatforms) = preSolution
		Debug|Any CPU = Debug|Any CPU
		Release|Any CPU = Release|Any CPU
	EndGlobalSection
	GlobalSection(ProjectConfigurationPlatforms) = postSolution
		{55AD3914-56F8-4B01-9E39-D1B5E97D5BFA}.Debug|Any CPU.ActiveCfg = Debug|Any CPU
		{55AD3914-56F8-4B01-9E39-D1B5E97D5BFA}.Debug|Any CPU.Build.0 = Debug|Any CPU
		{55AD3914-56F8-4B01-9E39-D1B5E97D5BFA}.Release|Any CPU.ActiveCfg = Release|Any CPU
		{55AD3914-56F8-4B01-9E39-D1B5E97D5BFA}.Release|Any CPU.Build.0 = Release|Any CPU
		{2BEF3F43-A177-4E25-9024-4102386EAD57}.Debug|Any CPU.ActiveCfg = Debug|Any CPU
		{2BEF3F43-A177-4E25-9024-4102386EAD57}.Debug|Any CPU.Build.0 = Debug|Any CPU
		{2BEF3F43-A177-4E25-9024-4102386EAD57}.Release|Any CPU.ActiveCfg = Release|Any CPU
		{2BEF3F43-A177-4E25-9024-4102386EAD57}.Release|Any CPU.Build.0 = Release|Any CPU
		{F72B749D-CE27-423F-9585-6790DAFAC7DE}.Debug|Any CPU.ActiveCfg = Debug|Any CPU
		{F72B749D-CE27-423F-9585-6790DAFAC7DE}.Debug|Any CPU.Build.0 = Debug|Any CPU
		{F72B749D-CE27-423F-9585-6790DAFAC7DE}.Release|Any CPU.ActiveCfg = Release|Any CPU
		{F72B749D-CE27-423F-9585-6790DAFAC7DE}.Release|Any CPU.Build.0 = Release|Any CPU
		{CD8A51FC-F8D5-4C7A-8939-D901C0820CB5}.Debug|Any CPU.ActiveCfg = Debug|Any CPU
		{CD8A51FC-F8D5-4C7A-8939-D901C0820CB5}.Debug|Any CPU.Build.0 = Debug|Any CPU
		{CD8A51FC-F8D5-4C7A-8939-D901C0820CB5}.Release|Any CPU.ActiveCfg = Release|Any CPU
		{CD8A51FC-F8D5-4C7A-8939-D901C0820CB5}.Release|Any CPU.Build.0 = Release|Any CPU
		{B5F62C92-3600-42E2-999C-5B6AF2ACE87E}.Debug|Any CPU.ActiveCfg = Debug|Any CPU
		{B5F62C92-3600-42E2-999C-5B6AF2ACE87E}.Debug|Any CPU.Build.0 = Debug|Any CPU
		{B5F62C92-3600-42E2-999C-5B6AF2ACE87E}.Release|Any CPU.ActiveCfg = Release|Any CPU
		{B5F62C92-3600-42E2-999C-5B6AF2ACE87E}.Release|Any CPU.Build.0 = Release|Any CPU
		{74DF31C8-87F8-4FE9-9AF3-F86E9279F36E}.Debug|Any CPU.ActiveCfg = Debug|Any CPU
		{74DF31C8-87F8-4FE9-9AF3-F86E9279F36E}.Debug|Any CPU.Build.0 = Debug|Any CPU
		{74DF31C8-87F8-4FE9-9AF3-F86E9279F36E}.Release|Any CPU.ActiveCfg = Release|Any CPU
		{74DF31C8-87F8-4FE9-9AF3-F86E9279F36E}.Release|Any CPU.Build.0 = Release|Any CPU
	EndGlobalSection
	GlobalSection(SolutionProperties) = preSolution
		HideSolutionNode = FALSE
	EndGlobalSection
	GlobalSection(NestedProjects) = preSolution
		{55AD3914-56F8-4B01-9E39-D1B5E97D5BFA} = {0A26A95C-3BAA-4D86-B0D8-6D487FEF07B3}
		{2BEF3F43-A177-4E25-9024-4102386EAD57} = {BA50DD52-F876-4A12-B029-4C583907E136}
		{F72B749D-CE27-423F-9585-6790DAFAC7DE} = {14C2DC34-18BF-46D7-AD8C-3BE7A98825CC}
		{CD8A51FC-F8D5-4C7A-8939-D901C0820CB5} = {FD80926F-2985-48DB-AB4C-4AADC95948E7}
		{B5F62C92-3600-42E2-999C-5B6AF2ACE87E} = {6562A21F-9600-413E-AC1C-160B67EBB5CC}
		{74DF31C8-87F8-4FE9-9AF3-F86E9279F36E} = {D4EB5DA4-A564-42E7-89F5-65B7C36F4162}
	EndGlobalSection
EndGlobal
